// !$*UTF8*$!
{
	archiveVersion = 1;
	classes = {
	};
	objectVersion = 55;
	objects = {

/* Begin PBXBuildFile section */
		26D5DCAA70FEE5241C122AA3 /* Pods_myWeather.framework in Frameworks */ = {isa = PBXBuildFile; fileRef = 84BB41CCAE4BB10F93849D45 /* Pods_myWeather.framework */; };
		6F3C0CC928A668BC0098A301 /* AppDelegate.swift in Sources */ = {isa = PBXBuildFile; fileRef = 6F3C0CC828A668BC0098A301 /* AppDelegate.swift */; };
		6F3C0CCB28A668BC0098A301 /* SceneDelegate.swift in Sources */ = {isa = PBXBuildFile; fileRef = 6F3C0CCA28A668BC0098A301 /* SceneDelegate.swift */; };
		6F3C0CCD28A668BC0098A301 /* ViewController.swift in Sources */ = {isa = PBXBuildFile; fileRef = 6F3C0CCC28A668BC0098A301 /* ViewController.swift */; };
		6F3C0CD028A668BC0098A301 /* Main.storyboard in Resources */ = {isa = PBXBuildFile; fileRef = 6F3C0CCE28A668BC0098A301 /* Main.storyboard */; };
		6F3C0CD228A668BE0098A301 /* Assets.xcassets in Resources */ = {isa = PBXBuildFile; fileRef = 6F3C0CD128A668BE0098A301 /* Assets.xcassets */; };
		6F3C0CD528A668BE0098A301 /* LaunchScreen.storyboard in Resources */ = {isa = PBXBuildFile; fileRef = 6F3C0CD328A668BE0098A301 /* LaunchScreen.storyboard */; };
		6F3C0CE428A671810098A301 /* WeatherTableViewCell.swift in Sources */ = {isa = PBXBuildFile; fileRef = 6F3C0CE228A671810098A301 /* WeatherTableViewCell.swift */; };
		6F3C0CE528A671810098A301 /* WeatherTableViewCell.xib in Resources */ = {isa = PBXBuildFile; fileRef = 6F3C0CE328A671810098A301 /* WeatherTableViewCell.xib */; };
		6F3C0CE828A6719C0098A301 /* HourlyTableViewCell.swift in Sources */ = {isa = PBXBuildFile; fileRef = 6F3C0CE628A6719C0098A301 /* HourlyTableViewCell.swift */; };
		6F3C0CE928A6719C0098A301 /* HourlyTableViewCell.xib in Resources */ = {isa = PBXBuildFile; fileRef = 6F3C0CE728A6719C0098A301 /* HourlyTableViewCell.xib */; };
		6FD755F728AE44C200F93926 /* WeatherCollectionViewCell.swift in Sources */ = {isa = PBXBuildFile; fileRef = 6FD755F528AE44C200F93926 /* WeatherCollectionViewCell.swift */; };
		6FD755F828AE44C200F93926 /* WeatherCollectionViewCell.xib in Resources */ = {isa = PBXBuildFile; fileRef = 6FD755F628AE44C200F93926 /* WeatherCollectionViewCell.xib */; };
/* End PBXBuildFile section */

/* Begin PBXFileReference section */
		6F3C0CC528A668BC0098A301 /* myWeather.app */ = {isa = PBXFileReference; explicitFileType = wrapper.application; includeInIndex = 0; path = myWeather.app; sourceTree = BUILT_PRODUCTS_DIR; };
		6F3C0CC828A668BC0098A301 /* AppDelegate.swift */ = {isa = PBXFileReference; lastKnownFileType = sourcecode.swift; path = AppDelegate.swift; sourceTree = "<group>"; };
		6F3C0CCA28A668BC0098A301 /* SceneDelegate.swift */ = {isa = PBXFileReference; lastKnownFileType = sourcecode.swift; path = SceneDelegate.swift; sourceTree = "<group>"; };
		6F3C0CCC28A668BC0098A301 /* ViewController.swift */ = {isa = PBXFileReference; lastKnownFileType = sourcecode.swift; path = ViewController.swift; sourceTree = "<group>"; };
		6F3C0CCF28A668BC0098A301 /* Base */ = {isa = PBXFileReference; lastKnownFileType = file.storyboard; name = Base; path = Base.lproj/Main.storyboard; sourceTree = "<group>"; };
		6F3C0CD128A668BE0098A301 /* Assets.xcassets */ = {isa = PBXFileReference; lastKnownFileType = folder.assetcatalog; path = Assets.xcassets; sourceTree = "<group>"; };
		6F3C0CD428A668BE0098A301 /* Base */ = {isa = PBXFileReference; lastKnownFileType = file.storyboard; name = Base; path = Base.lproj/LaunchScreen.storyboard; sourceTree = "<group>"; };
		6F3C0CD628A668BE0098A301 /* Info.plist */ = {isa = PBXFileReference; lastKnownFileType = text.plist.xml; path = Info.plist; sourceTree = "<group>"; };
		6F3C0CE228A671810098A301 /* WeatherTableViewCell.swift */ = {isa = PBXFileReference; lastKnownFileType = sourcecode.swift; path = WeatherTableViewCell.swift; sourceTree = "<group>"; };
		6F3C0CE328A671810098A301 /* WeatherTableViewCell.xib */ = {isa = PBXFileReference; lastKnownFileType = file.xib; path = WeatherTableViewCell.xib; sourceTree = "<group>"; };
		6F3C0CE628A6719C0098A301 /* HourlyTableViewCell.swift */ = {isa = PBXFileReference; lastKnownFileType = sourcecode.swift; path = HourlyTableViewCell.swift; sourceTree = "<group>"; };
		6F3C0CE728A6719C0098A301 /* HourlyTableViewCell.xib */ = {isa = PBXFileReference; lastKnownFileType = file.xib; path = HourlyTableViewCell.xib; sourceTree = "<group>"; };
		6FD755F528AE44C200F93926 /* WeatherCollectionViewCell.swift */ = {isa = PBXFileReference; lastKnownFileType = sourcecode.swift; path = WeatherCollectionViewCell.swift; sourceTree = "<group>"; };
		6FD755F628AE44C200F93926 /* WeatherCollectionViewCell.xib */ = {isa = PBXFileReference; lastKnownFileType = file.xib; path = WeatherCollectionViewCell.xib; sourceTree = "<group>"; };
		74F4D05FE5ECD1BDA2A2B133 /* Pods-myWeather.debug.xcconfig */ = {isa = PBXFileReference; includeInIndex = 1; lastKnownFileType = text.xcconfig; name = "Pods-myWeather.debug.xcconfig"; path = "Target Support Files/Pods-myWeather/Pods-myWeather.debug.xcconfig"; sourceTree = "<group>"; };
		84BB41CCAE4BB10F93849D45 /* Pods_myWeather.framework */ = {isa = PBXFileReference; explicitFileType = wrapper.framework; includeInIndex = 0; path = Pods_myWeather.framework; sourceTree = BUILT_PRODUCTS_DIR; };
		E0DCD55C4AD89BF96B8667C8 /* Pods-myWeather.release.xcconfig */ = {isa = PBXFileReference; includeInIndex = 1; lastKnownFileType = text.xcconfig; name = "Pods-myWeather.release.xcconfig"; path = "Target Support Files/Pods-myWeather/Pods-myWeather.release.xcconfig"; sourceTree = "<group>"; };
/* End PBXFileReference section */

/* Begin PBXFrameworksBuildPhase section */
		6F3C0CC228A668BC0098A301 /* Frameworks */ = {
			isa = PBXFrameworksBuildPhase;
			buildActionMask = 2147483647;
			files = (
				26D5DCAA70FEE5241C122AA3 /* Pods_myWeather.framework in Frameworks */,
			);
			runOnlyForDeploymentPostprocessing = 0;
		};
/* End PBXFrameworksBuildPhase section */

/* Begin PBXGroup section */
		3E4D334BE8562ABE0CCC364B /* Frameworks */ = {
			isa = PBXGroup;
			children = (
				84BB41CCAE4BB10F93849D45 /* Pods_myWeather.framework */,
			);
			name = Frameworks;
			sourceTree = "<group>";
		};
		6F3C0CBC28A668BC0098A301 = {
			isa = PBXGroup;
			children = (
				6F3C0CC728A668BC0098A301 /* myWeather */,
				6F3C0CC628A668BC0098A301 /* Products */,
				8D086A1B49F4BDB2FCCD77F6 /* Pods */,
				3E4D334BE8562ABE0CCC364B /* Frameworks */,
			);
			sourceTree = "<group>";
		};
		6F3C0CC628A668BC0098A301 /* Products */ = {
			isa = PBXGroup;
			children = (
				6F3C0CC528A668BC0098A301 /* myWeather.app */,
			);
			name = Products;
			sourceTree = "<group>";
		};
		6F3C0CC728A668BC0098A301 /* myWeather */ = {
			isa = PBXGroup;
			children = (
				6FD755F428AE448700F93926 /* CollectionViewCell */,
				6F3C0CE128A670E20098A301 /* HourlyCollectionCell */,
				6F3C0CDC28A6704B0098A301 /* WeatherCell */,
				6F3C0CC828A668BC0098A301 /* AppDelegate.swift */,
				6F3C0CCA28A668BC0098A301 /* SceneDelegate.swift */,
				6F3C0CCC28A668BC0098A301 /* ViewController.swift */,
				6F3C0CCE28A668BC0098A301 /* Main.storyboard */,
				6F3C0CD128A668BE0098A301 /* Assets.xcassets */,
				6F3C0CD328A668BE0098A301 /* LaunchScreen.storyboard */,
				6F3C0CD628A668BE0098A301 /* Info.plist */,
			);
			path = myWeather;
			sourceTree = "<group>";
		};
		6F3C0CDC28A6704B0098A301 /* WeatherCell */ = {
			isa = PBXGroup;
			children = (
				6F3C0CE228A671810098A301 /* WeatherTableViewCell.swift */,
				6F3C0CE328A671810098A301 /* WeatherTableViewCell.xib */,
			);
			path = WeatherCell;
			sourceTree = "<group>";
		};
		6F3C0CE128A670E20098A301 /* HourlyCollectionCell */ = {
			isa = PBXGroup;
			children = (
				6F3C0CE628A6719C0098A301 /* HourlyTableViewCell.swift */,
				6F3C0CE728A6719C0098A301 /* HourlyTableViewCell.xib */,
			);
			path = HourlyCollectionCell;
			sourceTree = "<group>";
		};
		6FD755F428AE448700F93926 /* CollectionViewCell */ = {
			isa = PBXGroup;
			children = (
				6FD755F528AE44C200F93926 /* WeatherCollectionViewCell.swift */,
				6FD755F628AE44C200F93926 /* WeatherCollectionViewCell.xib */,
			);
			path = CollectionViewCell;
			sourceTree = "<group>";
		};
		8D086A1B49F4BDB2FCCD77F6 /* Pods */ = {
			isa = PBXGroup;
			children = (
				74F4D05FE5ECD1BDA2A2B133 /* Pods-myWeather.debug.xcconfig */,
				E0DCD55C4AD89BF96B8667C8 /* Pods-myWeather.release.xcconfig */,
			);
			path = Pods;
			sourceTree = "<group>";
		};
/* End PBXGroup section */

/* Begin PBXNativeTarget section */
		6F3C0CC428A668BC0098A301 /* myWeather */ = {
			isa = PBXNativeTarget;
			buildConfigurationList = 6F3C0CD928A668BE0098A301 /* Build configuration list for PBXNativeTarget "myWeather" */;
			buildPhases = (
				84214322FCE9622E798B2C48 /* [CP] Check Pods Manifest.lock */,
				6F3C0CC128A668BC0098A301 /* Sources */,
				6F3C0CC228A668BC0098A301 /* Frameworks */,
				6F3C0CC328A668BC0098A301 /* Resources */,
			);
			buildRules = (
			);
			dependencies = (
			);
			name = myWeather;
			productName = myWeather;
			productReference = 6F3C0CC528A668BC0098A301 /* myWeather.app */;
			productType = "com.apple.product-type.application";
		};
/* End PBXNativeTarget section */

/* Begin PBXProject section */
		6F3C0CBD28A668BC0098A301 /* Project object */ = {
			isa = PBXProject;
			attributes = {
				BuildIndependentTargetsInParallel = 1;
				LastSwiftUpdateCheck = 1340;
				LastUpgradeCheck = 1340;
				TargetAttributes = {
					6F3C0CC428A668BC0098A301 = {
						CreatedOnToolsVersion = 13.4.1;
					};
				};
			};
			buildConfigurationList = 6F3C0CC028A668BC0098A301 /* Build configuration list for PBXProject "myWeather" */;
			compatibilityVersion = "Xcode 13.0";
			developmentRegion = en;
			hasScannedForEncodings = 0;
			knownRegions = (
				en,
				Base,
			);
			mainGroup = 6F3C0CBC28A668BC0098A301;
			productRefGroup = 6F3C0CC628A668BC0098A301 /* Products */;
			projectDirPath = "";
			projectRoot = "";
			targets = (
				6F3C0CC428A668BC0098A301 /* myWeather */,
			);
		};
/* End PBXProject section */

/* Begin PBXResourcesBuildPhase section */
		6F3C0CC328A668BC0098A301 /* Resources */ = {
			isa = PBXResourcesBuildPhase;
			buildActionMask = 2147483647;
			files = (
				6F3C0CE528A671810098A301 /* WeatherTableViewCell.xib in Resources */,
				6F3C0CE928A6719C0098A301 /* HourlyTableViewCell.xib in Resources */,
				6F3C0CD528A668BE0098A301 /* LaunchScreen.storyboard in Resources */,
				6F3C0CD228A668BE0098A301 /* Assets.xcassets in Resources */,
				6F3C0CD028A668BC0098A301 /* Main.storyboard in Resources */,
				6FD755F828AE44C200F93926 /* WeatherCollectionViewCell.xib in Resources */,
			);
			runOnlyForDeploymentPostprocessing = 0;
		};
/* End PBXResourcesBuildPhase section */

/* Begin PBXShellScriptBuildPhase section */
		84214322FCE9622E798B2C48 /* [CP] Check Pods Manifest.lock */ = {
			isa = PBXShellScriptBuildPhase;
			buildActionMask = 2147483647;
			files = (
			);
			inputFileListPaths = (
			);
			inputPaths = (
				"${PODS_PODFILE_DIR_PATH}/Podfile.lock",
				"${PODS_ROOT}/Manifest.lock",
			);
			name = "[CP] Check Pods Manifest.lock";
			outputFileListPaths = (
			);
			outputPaths = (
				"$(DERIVED_FILE_DIR)/Pods-myWeather-checkManifestLockResult.txt",
			);
			runOnlyForDeploymentPostprocessing = 0;
			shellPath = /bin/sh;
			shellScript = "diff \"${PODS_PODFILE_DIR_PATH}/Podfile.lock\" \"${PODS_ROOT}/Manifest.lock\" > /dev/null\nif [ $? != 0 ] ; then\n    # print error to STDERR\n    echo \"error: The sandbox is not in sync with the Podfile.lock. Run 'pod install' or update your CocoaPods installation.\" >&2\n    exit 1\nfi\n# This output is used by Xcode 'outputs' to avoid re-running this script phase.\necho \"SUCCESS\" > \"${SCRIPT_OUTPUT_FILE_0}\"\n";
			showEnvVarsInLog = 0;
		};
/* End PBXShellScriptBuildPhase section */

/* Begin PBXSourcesBuildPhase section */
		6F3C0CC128A668BC0098A301 /* Sources */ = {
			isa = PBXSourcesBuildPhase;
			buildActionMask = 2147483647;
			files = (
				6F3C0CE428A671810098A301 /* WeatherTableViewCell.swift in Sources */,
				6F3C0CCD28A668BC0098A301 /* ViewController.swift in Sources */,
				6F3C0CE828A6719C0098A301 /* HourlyTableViewCell.swift in Sources */,
				6FD755F728AE44C200F93926 /* WeatherCollectionViewCell.swift in Sources */,
				6F3C0CC928A668BC0098A301 /* AppDelegate.swift in Sources */,
				6F3C0CCB28A668BC0098A301 /* SceneDelegate.swift in Sources */,
			);
			runOnlyForDeploymentPostprocessing = 0;
		};
/* End PBXSourcesBuildPhase section */

/* Begin PBXVariantGroup section */
		6F3C0CCE28A668BC0098A301 /* Main.storyboard */ = {
			isa = PBXVariantGroup;
			children = (
				6F3C0CCF28A668BC0098A301 /* Base */,
			);
			name = Main.storyboard;
			sourceTree = "<group>";
		};
		6F3C0CD328A668BE0098A301 /* LaunchScreen.storyboard */ = {
			isa = PBXVariantGroup;
			children = (
				6F3C0CD428A668BE0098A301 /* Base */,
			);
			name = LaunchScreen.storyboard;
			sourceTree = "<group>";
		};
/* End PBXVariantGroup section */

/* Begin XCBuildConfiguration section */
		6F3C0CD728A668BE0098A301 /* Debug */ = {
			isa = XCBuildConfiguration;
			buildSettings = {
				ALWAYS_SEARCH_USER_PATHS = NO;
				CLANG_ANALYZER_NONNULL = YES;
				CLANG_ANALYZER_NUMBER_OBJECT_CONVERSION = YES_AGGRESSIVE;
				CLANG_CXX_LANGUAGE_STANDARD = "gnu++17";
				CLANG_ENABLE_MODULES = YES;
				CLANG_ENABLE_OBJC_ARC = YES;
				CLANG_ENABLE_OBJC_WEAK = YES;
				CLANG_WARN_BLOCK_CAPTURE_AUTORELEASING = YES;
				CLANG_WARN_BOOL_CONVERSION = YES;
				CLANG_WARN_COMMA = YES;
				CLANG_WARN_CONSTANT_CONVERSION = YES;
				CLANG_WARN_DEPRECATED_OBJC_IMPLEMENTATIONS = YES;
				CLANG_WARN_DIRECT_OBJC_ISA_USAGE = YES_ERROR;
				CLANG_WARN_DOCUMENTATION_COMMENTS = YES;
				CLANG_WARN_EMPTY_BODY = YES;
				CLANG_WARN_ENUM_CONVERSION = YES;
				CLANG_WARN_INFINITE_RECURSION = YES;
				CLANG_WARN_INT_CONVERSION = YES;
				CLANG_WARN_NON_LITERAL_NULL_CONVERSION = YES;
				CLANG_WARN_OBJC_IMPLICIT_RETAIN_SELF = YES;
				CLANG_WARN_OBJC_LITERAL_CONVERSION = YES;
				CLANG_WARN_OBJC_ROOT_CLASS = YES_ERROR;
				CLANG_WARN_QUOTED_INCLUDE_IN_FRAMEWORK_HEADER = YES;
				CLANG_WARN_RANGE_LOOP_ANALYSIS = YES;
				CLANG_WARN_STRICT_PROTOTYPES = YES;
				CLANG_WARN_SUSPICIOUS_MOVE = YES;
				CLANG_WARN_UNGUARDED_AVAILABILITY = YES_AGGRESSIVE;
				CLANG_WARN_UNREACHABLE_CODE = YES;
				CLANG_WARN__DUPLICATE_METHOD_MATCH = YES;
				COPY_PHASE_STRIP = NO;
				DEBUG_INFORMATION_FORMAT = dwarf;
				ENABLE_STRICT_OBJC_MSGSEND = YES;
				ENABLE_TESTABILITY = YES;
				GCC_C_LANGUAGE_STANDARD = gnu11;
				GCC_DYNAMIC_NO_PIC = NO;
				GCC_NO_COMMON_BLOCKS = YES;
				GCC_OPTIMIZATION_LEVEL = 0;
				GCC_PREPROCESSOR_DEFINITIONS = (
					"DEBUG=1",
					"$(inherited)",
				);
				GCC_WARN_64_TO_32_BIT_CONVERSION = YES;
				GCC_WARN_ABOUT_RETURN_TYPE = YES_ERROR;
				GCC_WARN_UNDECLARED_SELECTOR = YES;
				GCC_WARN_UNINITIALIZED_AUTOS = YES_AGGRESSIVE;
				GCC_WARN_UNUSED_FUNCTION = YES;
				GCC_WARN_UNUSED_VARIABLE = YES;
				IPHONEOS_DEPLOYMENT_TARGET = 15.5;
				MTL_ENABLE_DEBUG_INFO = INCLUDE_SOURCE;
				MTL_FAST_MATH = YES;
				ONLY_ACTIVE_ARCH = YES;
				SDKROOT = iphoneos;
				SWIFT_ACTIVE_COMPILATION_CONDITIONS = DEBUG;
				SWIFT_OPTIMIZATION_LEVEL = "-Onone";
			};
			name = Debug;
		};
		6F3C0CD828A668BE0098A301 /* Release */ = {
			isa = XCBuildConfiguration;
			buildSettings = {
				ALWAYS_SEARCH_USER_PATHS = NO;
				CLANG_ANALYZER_NONNULL = YES;
				CLANG_ANALYZER_NUMBER_OBJECT_CONVERSION = YES_AGGRESSIVE;
				CLANG_CXX_LANGUAGE_STANDARD = "gnu++17";
				CLANG_ENABLE_MODULES = YES;
				CLANG_ENABLE_OBJC_ARC = YES;
				CLANG_ENABLE_OBJC_WEAK = YES;
				CLANG_WARN_BLOCK_CAPTURE_AUTORELEASING = YES;
				CLANG_WARN_BOOL_CONVERSION = YES;
				CLANG_WARN_COMMA = YES;
				CLANG_WARN_CONSTANT_CONVERSION = YES;
				CLANG_WARN_DEPRECATED_OBJC_IMPLEMENTATIONS = YES;
				CLANG_WARN_DIRECT_OBJC_ISA_USAGE = YES_ERROR;
				CLANG_WARN_DOCUMENTATION_COMMENTS = YES;
				CLANG_WARN_EMPTY_BODY = YES;
				CLANG_WARN_ENUM_CONVERSION = YES;
				CLANG_WARN_INFINITE_RECURSION = YES;
				CLANG_WARN_INT_CONVERSION = YES;
				CLANG_WARN_NON_LITERAL_NULL_CONVERSION = YES;
				CLANG_WARN_OBJC_IMPLICIT_RETAIN_SELF = YES;
				CLANG_WARN_OBJC_LITERAL_CONVERSION = YES;
				CLANG_WARN_OBJC_ROOT_CLASS = YES_ERROR;
				CLANG_WARN_QUOTED_INCLUDE_IN_FRAMEWORK_HEADER = YES;
				CLANG_WARN_RANGE_LOOP_ANALYSIS = YES;
				CLANG_WARN_STRICT_PROTOTYPES = YES;
				CLANG_WARN_SUSPICIOUS_MOVE = YES;
				CLANG_WARN_UNGUARDED_AVAILABILITY = YES_AGGRESSIVE;
				CLANG_WARN_UNREACHABLE_CODE = YES;
				CLANG_WARN__DUPLICATE_METHOD_MATCH = YES;
				COPY_PHASE_STRIP = NO;
				DEBUG_INFORMATION_FORMAT = "dwarf-with-dsym";
				ENABLE_NS_ASSERTIONS = NO;
				ENABLE_STRICT_OBJC_MSGSEND = YES;
				GCC_C_LANGUAGE_STANDARD = gnu11;
				GCC_NO_COMMON_BLOCKS = YES;
				GCC_WARN_64_TO_32_BIT_CONVERSION = YES;
				GCC_WARN_ABOUT_RETURN_TYPE = YES_ERROR;
				GCC_WARN_UNDECLARED_SELECTOR = YES;
				GCC_WARN_UNINITIALIZED_AUTOS = YES_AGGRESSIVE;
				GCC_WARN_UNUSED_FUNCTION = YES;
				GCC_WARN_UNUSED_VARIABLE = YES;
				IPHONEOS_DEPLOYMENT_TARGET = 15.5;
				MTL_ENABLE_DEBUG_INFO = NO;
				MTL_FAST_MATH = YES;
				SDKROOT = iphoneos;
				SWIFT_COMPILATION_MODE = wholemodule;
				SWIFT_OPTIMIZATION_LEVEL = "-O";
				VALIDATE_PRODUCT = YES;
			};
			name = Release;
		};
		6F3C0CDA28A668BE0098A301 /* Debug */ = {
			isa = XCBuildConfiguration;
			baseConfigurationReference = 74F4D05FE5ECD1BDA2A2B133 /* Pods-myWeather.debug.xcconfig */;
			buildSettings = {
				ASSETCATALOG_COMPILER_APPICON_NAME = AppIcon;
				ASSETCATALOG_COMPILER_GLOBAL_ACCENT_COLOR_NAME = AccentColor;
				CODE_SIGN_STYLE = Automatic;
				CURRENT_PROJECT_VERSION = 1;
				DEVELOPMENT_TEAM = 2JQ2KT9P9N;
				GENERATE_INFOPLIST_FILE = YES;
				INFOPLIST_FILE = myWeather/Info.plist;
				INFOPLIST_KEY_UIApplicationSupportsIndirectInputEvents = YES;
				INFOPLIST_KEY_UILaunchStoryboardName = LaunchScreen;
				INFOPLIST_KEY_UIMainStoryboardFile = Main;
				INFOPLIST_KEY_UISupportedInterfaceOrientations_iPad = "UIInterfaceOrientationPortrait UIInterfaceOrientationPortraitUpsideDown UIInterfaceOrientationLandscapeLeft UIInterfaceOrientationLandscapeRight";
				INFOPLIST_KEY_UISupportedInterfaceOrientations_iPhone = "UIInterfaceOrientationPortrait UIInterfaceOrientationLandscapeLeft UIInterfaceOrientationLandscapeRight";
				LD_RUNPATH_SEARCH_PATHS = (
					"$(inherited)",
					"@executable_path/Frameworks",
				);
				MARKETING_VERSION = 1.0;
				PRODUCT_BUNDLE_IDENTIFIER = "-11.myWeather";
				PRODUCT_NAME = "$(TARGET_NAME)";
				SWIFT_EMIT_LOC_STRINGS = YES;
				SWIFT_VERSION = 5.0;
				TARGETED_DEVICE_FAMILY = "1,2";
			};
			name = Debug;
		};
		6F3C0CDB28A668BE0098A301 /* Release */ = {
			isa = XCBuildConfiguration;
			baseConfigurationReference = E0DCD55C4AD89BF96B8667C8 /* Pods-myWeather.release.xcconfig */;
			buildSettings = {
				ASSETCATALOG_COMPILER_APPICON_NAME = AppIcon;
				ASSETCATALOG_COMPILER_GLOBAL_ACCENT_COLOR_NAME = AccentColor;
				CODE_SIGN_STYLE = Automatic;
				CURRENT_PROJECT_VERSION = 1;
				DEVELOPMENT_TEAM = 2JQ2KT9P9N;
				GENERATE_INFOPLIST_FILE = YES;
				INFOPLIST_FILE = myWeather/Info.plist;
				INFOPLIST_KEY_UIApplicationSupportsIndirectInputEvents = YES;
				INFOPLIST_KEY_UILaunchStoryboardName = LaunchScreen;
				INFOPLIST_KEY_UIMainStoryboardFile = Main;
				INFOPLIST_KEY_UISupportedInterfaceOrientations_iPad = "UIInterfaceOrientationPortrait UIInterfaceOrientationPortraitUpsideDown UIInterfaceOrientationLandscapeLeft UIInterfaceOrientationLandscapeRight";
				INFOPLIST_KEY_UISupportedInterfaceOrientations_iPhone = "UIInterfaceOrientationPortrait UIInterfaceOrientationLandscapeLeft UIInterfaceOrientationLandscapeRight";
				LD_RUNPATH_SEARCH_PATHS = (
					"$(inherited)",
					"@executable_path/Frameworks",
				);
				MARKETING_VERSION = 1.0;
				PRODUCT_BUNDLE_IDENTIFIER = "-11.myWeather";
				PRODUCT_NAME = "$(TARGET_NAME)";
				SWIFT_EMIT_LOC_STRINGS = YES;
				SWIFT_VERSION = 5.0;
				TARGETED_DEVICE_FAMILY = "1,2";
			};
			name = Release;
		};
/* End XCBuildConfiguration section */

/* Begin XCConfigurationList section */
		6F3C0CC028A668BC0098A301 /* Build configuration list for PBXProject "myWeather" */ = {
			isa = XCConfigurationList;
			buildConfigurations = (
				6F3C0CD728A668BE0098A301 /* Debug */,
				6F3C0CD828A668BE0098A301 /* Release */,
			);
			defaultConfigurationIsVisible = 0;
			defaultConfigurationName = Release;
		};
		6F3C0CD928A668BE0098A301 /* Build configuration list for PBXNativeTarget "myWeather" */ = {
			isa = XCConfigurationList;
			buildConfigurations = (
				6F3C0CDA28A668BE0098A301 /* Debug */,
				6F3C0CDB28A668BE0098A301 /* Release */,
			);
			defaultConfigurationIsVisible = 0;
			defaultConfigurationName = Release;
		};
/* End XCConfigurationList section */
	};
	rootObject = 6F3C0CBD28A668BC0098A301 /* Project object */;
}
